// !$*UTF8*$!
{
	archiveVersion = 1;
	classes = {
	};
	objectVersion = 46;
	objects = {

/* Begin PBXBuildFile section */
		9600187E1B0BA72C00482A27 /* RankingsViewController.swift in Sources */ = {isa = PBXBuildFile; fileRef = 9600187D1B0BA72C00482A27 /* RankingsViewController.swift */; };
		961C6E611AF63A540071AC80 /* button-cross.png in Resources */ = {isa = PBXBuildFile; fileRef = 961C6E601AF63A540071AC80 /* button-cross.png */; };
		961C6E631AF63A630071AC80 /* background-01.png in Resources */ = {isa = PBXBuildFile; fileRef = 961C6E621AF63A630071AC80 /* background-01.png */; };
		961C6E651AF63A6B0071AC80 /* speech-bubble.png in Resources */ = {isa = PBXBuildFile; fileRef = 961C6E641AF63A6B0071AC80 /* speech-bubble.png */; };
		961C6E6B1AF63A7C0071AC80 /* man-01.png in Resources */ = {isa = PBXBuildFile; fileRef = 961C6E661AF63A7C0071AC80 /* man-01.png */; };
		961C6E6C1AF63A7C0071AC80 /* man-02.png in Resources */ = {isa = PBXBuildFile; fileRef = 961C6E671AF63A7C0071AC80 /* man-02.png */; };
		961C6E6D1AF63A7C0071AC80 /* man-04.png in Resources */ = {isa = PBXBuildFile; fileRef = 961C6E681AF63A7C0071AC80 /* man-04.png */; };
		961C6E6E1AF63A7C0071AC80 /* man-05.png in Resources */ = {isa = PBXBuildFile; fileRef = 961C6E691AF63A7C0071AC80 /* man-05.png */; };
		961C6E6F1AF63A7C0071AC80 /* man-06.png in Resources */ = {isa = PBXBuildFile; fileRef = 961C6E6A1AF63A7C0071AC80 /* man-06.png */; };
		961C6E711AF63A940071AC80 /* button-tick.png in Resources */ = {isa = PBXBuildFile; fileRef = 961C6E701AF63A940071AC80 /* button-tick.png */; };
		961C6E751AF643E20071AC80 /* AmIAManYet-Designs-6plus-02-08.png in Resources */ = {isa = PBXBuildFile; fileRef = 961C6E741AF643E20071AC80 /* AmIAManYet-Designs-6plus-02-08.png */; };
		9633DBD81B07959600E40247 /* UISpeechBubble.xib in Resources */ = {isa = PBXBuildFile; fileRef = 9633DBD71B07959600E40247 /* UISpeechBubble.xib */; };
		9633DBDA1B07983200E40247 /* UISpeechBubble.swift in Sources */ = {isa = PBXBuildFile; fileRef = 9633DBD91B07983200E40247 /* UISpeechBubble.swift */; };
		9642906F1A824034006011C9 /* AppDelegate.swift in Sources */ = {isa = PBXBuildFile; fileRef = 9642906E1A824034006011C9 /* AppDelegate.swift */; };
		964290741A824034006011C9 /* Main.storyboard in Resources */ = {isa = PBXBuildFile; fileRef = 964290721A824034006011C9 /* Main.storyboard */; };
		964290791A824034006011C9 /* LaunchScreen.xib in Resources */ = {isa = PBXBuildFile; fileRef = 964290771A824034006011C9 /* LaunchScreen.xib */; };
		964290901A8246BD006011C9 /* man1.png in Resources */ = {isa = PBXBuildFile; fileRef = 9642908F1A8246BD006011C9 /* man1.png */; };
		964290931A824D10006011C9 /* Questions.plist in Resources */ = {isa = PBXBuildFile; fileRef = 964290921A824D10006011C9 /* Questions.plist */; };
		964290951A8252C7006011C9 /* HomeViewController.swift in Sources */ = {isa = PBXBuildFile; fileRef = 964290941A8252C7006011C9 /* HomeViewController.swift */; };
		965882481A8D29CD0066CBBA /* Levels.plist in Resources */ = {isa = PBXBuildFile; fileRef = 965882471A8D29CD0066CBBA /* Levels.plist */; };
		968CB0431AFFCE8D009C34F0 /* button-down.png in Resources */ = {isa = PBXBuildFile; fileRef = 968CB0421AFFCE8D009C34F0 /* button-down.png */; };
		969DFFE01AF649A4004A3866 /* QuestionViewController.swift in Sources */ = {isa = PBXBuildFile; fileRef = 969DFFDF1AF649A4004A3866 /* QuestionViewController.swift */; };
		96A3F6D41A87C41900F1C50F /* Quiz.swift in Sources */ = {isa = PBXBuildFile; fileRef = 96A3F6D31A87C41900F1C50F /* Quiz.swift */; };
		96BF3CB31B08D7F400909C3B /* FinishViewController.swift in Sources */ = {isa = PBXBuildFile; fileRef = 96BF3CB21B08D7F400909C3B /* FinishViewController.swift */; };
		96BF3CB51B08E5E000909C3B /* button-next.png in Resources */ = {isa = PBXBuildFile; fileRef = 96BF3CB41B08E5E000909C3B /* button-next.png */; };
		96BF3CB91B08E8AA00909C3B /* line.png in Resources */ = {isa = PBXBuildFile; fileRef = 96BF3CB81B08E8AA00909C3B /* line.png */; };
		96BF3CBB1B08F6B200909C3B /* button-big.png in Resources */ = {isa = PBXBuildFile; fileRef = 96BF3CBA1B08F6B200909C3B /* button-big.png */; };
		96C157541A8E2BD600303746 /* Quiz.swift in Sources */ = {isa = PBXBuildFile; fileRef = 96A3F6D31A87C41900F1C50F /* Quiz.swift */; };
		96C157551A8E2BDC00303746 /* Questions.plist in Resources */ = {isa = PBXBuildFile; fileRef = 964290921A824D10006011C9 /* Questions.plist */; };
		96C157561A8E2BDF00303746 /* Levels.plist in Resources */ = {isa = PBXBuildFile; fileRef = 965882471A8D29CD0066CBBA /* Levels.plist */; };
		96C157581A8E483A00303746 /* quizTests.swift in Sources */ = {isa = PBXBuildFile; fileRef = 96C157571A8E483A00303746 /* quizTests.swift */; };
		96F7EF161A8D28C0006B40A6 /* ResultViewController.swift in Sources */ = {isa = PBXBuildFile; fileRef = 96F7EF151A8D28C0006B40A6 /* ResultViewController.swift */; };
		F557C0AA1BB2CCC300E1F634 /* Media2.xcassets in Resources */ = {isa = PBXBuildFile; fileRef = F557C0A91BB2CCC300E1F634 /* Media2.xcassets */; };
		F5D772FD1B8F63B90001E314 /* man-03.png in Resources */ = {isa = PBXBuildFile; fileRef = F5D772FC1B8F63B90001E314 /* man-03.png */; };
/* End PBXBuildFile section */

/* Begin PBXContainerItemProxy section */
		9642907F1A824034006011C9 /* PBXContainerItemProxy */ = {
			isa = PBXContainerItemProxy;
			containerPortal = 964290611A824034006011C9 /* Project object */;
			proxyType = 1;
			remoteGlobalIDString = 964290681A824034006011C9;
			remoteInfo = "Are you man enough";
		};
/* End PBXContainerItemProxy section */

/* Begin PBXFileReference section */
		9600187D1B0BA72C00482A27 /* RankingsViewController.swift */ = {isa = PBXFileReference; fileEncoding = 4; lastKnownFileType = sourcecode.swift; path = RankingsViewController.swift; sourceTree = "<group>"; };
		961C6E601AF63A540071AC80 /* button-cross.png */ = {isa = PBXFileReference; lastKnownFileType = image.png; path = "button-cross.png"; sourceTree = "<group>"; };
		961C6E621AF63A630071AC80 /* background-01.png */ = {isa = PBXFileReference; lastKnownFileType = image.png; path = "background-01.png"; sourceTree = "<group>"; };
		961C6E641AF63A6B0071AC80 /* speech-bubble.png */ = {isa = PBXFileReference; lastKnownFileType = image.png; path = "speech-bubble.png"; sourceTree = "<group>"; };
		961C6E661AF63A7C0071AC80 /* man-01.png */ = {isa = PBXFileReference; lastKnownFileType = image.png; path = "man-01.png"; sourceTree = "<group>"; };
		961C6E671AF63A7C0071AC80 /* man-02.png */ = {isa = PBXFileReference; lastKnownFileType = image.png; path = "man-02.png"; sourceTree = "<group>"; };
		961C6E681AF63A7C0071AC80 /* man-04.png */ = {isa = PBXFileReference; lastKnownFileType = image.png; path = "man-04.png"; sourceTree = "<group>"; };
		961C6E691AF63A7C0071AC80 /* man-05.png */ = {isa = PBXFileReference; lastKnownFileType = image.png; path = "man-05.png"; sourceTree = "<group>"; };
		961C6E6A1AF63A7C0071AC80 /* man-06.png */ = {isa = PBXFileReference; lastKnownFileType = image.png; path = "man-06.png"; sourceTree = "<group>"; };
		961C6E701AF63A940071AC80 /* button-tick.png */ = {isa = PBXFileReference; lastKnownFileType = image.png; path = "button-tick.png"; sourceTree = "<group>"; };
		961C6E741AF643E20071AC80 /* AmIAManYet-Designs-6plus-02-08.png */ = {isa = PBXFileReference; lastKnownFileType = image.png; path = "AmIAManYet-Designs-6plus-02-08.png"; sourceTree = "<group>"; };
		9633DBD71B07959600E40247 /* UISpeechBubble.xib */ = {isa = PBXFileReference; fileEncoding = 4; lastKnownFileType = file.xib; path = UISpeechBubble.xib; sourceTree = "<group>"; };
		9633DBD91B07983200E40247 /* UISpeechBubble.swift */ = {isa = PBXFileReference; fileEncoding = 4; lastKnownFileType = sourcecode.swift; path = UISpeechBubble.swift; sourceTree = "<group>"; };
		964290691A824034006011C9 /* Are you man enough.app */ = {isa = PBXFileReference; explicitFileType = wrapper.application; includeInIndex = 0; path = "Are you man enough.app"; sourceTree = BUILT_PRODUCTS_DIR; };
		9642906D1A824034006011C9 /* Info.plist */ = {isa = PBXFileReference; lastKnownFileType = text.plist.xml; path = Info.plist; sourceTree = "<group>"; };
		9642906E1A824034006011C9 /* AppDelegate.swift */ = {isa = PBXFileReference; lastKnownFileType = sourcecode.swift; path = AppDelegate.swift; sourceTree = "<group>"; };
		964290731A824034006011C9 /* Base */ = {isa = PBXFileReference; lastKnownFileType = file.storyboard; name = Base; path = Base.lproj/Main.storyboard; sourceTree = "<group>"; };
		964290781A824034006011C9 /* Base */ = {isa = PBXFileReference; lastKnownFileType = file.xib; name = Base; path = Base.lproj/LaunchScreen.xib; sourceTree = "<group>"; };
		9642907E1A824034006011C9 /* Are you man enoughTests.xctest */ = {isa = PBXFileReference; explicitFileType = wrapper.cfbundle; includeInIndex = 0; path = "Are you man enoughTests.xctest"; sourceTree = BUILT_PRODUCTS_DIR; };
		964290831A824034006011C9 /* Info.plist */ = {isa = PBXFileReference; lastKnownFileType = text.plist.xml; path = Info.plist; sourceTree = "<group>"; };
		9642908F1A8246BD006011C9 /* man1.png */ = {isa = PBXFileReference; lastKnownFileType = image.png; path = man1.png; sourceTree = "<group>"; };
		964290921A824D10006011C9 /* Questions.plist */ = {isa = PBXFileReference; fileEncoding = 4; lastKnownFileType = text.plist.xml; path = Questions.plist; sourceTree = "<group>"; };
		964290941A8252C7006011C9 /* HomeViewController.swift */ = {isa = PBXFileReference; fileEncoding = 4; lastKnownFileType = sourcecode.swift; path = HomeViewController.swift; sourceTree = "<group>"; };
		965882471A8D29CD0066CBBA /* Levels.plist */ = {isa = PBXFileReference; fileEncoding = 4; lastKnownFileType = text.plist.xml; path = Levels.plist; sourceTree = "<group>"; };
		968CB0421AFFCE8D009C34F0 /* button-down.png */ = {isa = PBXFileReference; lastKnownFileType = image.png; path = "button-down.png"; sourceTree = "<group>"; };
		969DFFDF1AF649A4004A3866 /* QuestionViewController.swift */ = {isa = PBXFileReference; fileEncoding = 4; lastKnownFileType = sourcecode.swift; path = QuestionViewController.swift; sourceTree = "<group>"; };
		96A3F6D31A87C41900F1C50F /* Quiz.swift */ = {isa = PBXFileReference; fileEncoding = 4; lastKnownFileType = sourcecode.swift; path = Quiz.swift; sourceTree = "<group>"; };
		96BF3CB21B08D7F400909C3B /* FinishViewController.swift */ = {isa = PBXFileReference; fileEncoding = 4; lastKnownFileType = sourcecode.swift; path = FinishViewController.swift; sourceTree = "<group>"; };
		96BF3CB41B08E5E000909C3B /* button-next.png */ = {isa = PBXFileReference; lastKnownFileType = image.png; path = "button-next.png"; sourceTree = "<group>"; };
		96BF3CB81B08E8AA00909C3B /* line.png */ = {isa = PBXFileReference; lastKnownFileType = image.png; path = line.png; sourceTree = "<group>"; };
		96BF3CBA1B08F6B200909C3B /* button-big.png */ = {isa = PBXFileReference; lastKnownFileType = image.png; path = "button-big.png"; sourceTree = "<group>"; };
		96C157571A8E483A00303746 /* quizTests.swift */ = {isa = PBXFileReference; fileEncoding = 4; lastKnownFileType = sourcecode.swift; path = quizTests.swift; sourceTree = "<group>"; };
		96F7EF151A8D28C0006B40A6 /* ResultViewController.swift */ = {isa = PBXFileReference; fileEncoding = 4; lastKnownFileType = sourcecode.swift; path = ResultViewController.swift; sourceTree = "<group>"; };
		F557C0A91BB2CCC300E1F634 /* Media2.xcassets */ = {isa = PBXFileReference; lastKnownFileType = folder.assetcatalog; path = Media2.xcassets; sourceTree = "<group>"; };
		F5D772FC1B8F63B90001E314 /* man-03.png */ = {isa = PBXFileReference; lastKnownFileType = image.png; name = "man-03.png"; path = "../../../Dropbox/gunt/projects/Am I a man yet/assets/6 Plus/man-03.png"; sourceTree = "<group>"; };
/* End PBXFileReference section */

/* Begin PBXFrameworksBuildPhase section */
		964290661A824034006011C9 /* Frameworks */ = {
			isa = PBXFrameworksBuildPhase;
			buildActionMask = 2147483647;
			files = (
			);
			runOnlyForDeploymentPostprocessing = 0;
		};
		9642907B1A824034006011C9 /* Frameworks */ = {
			isa = PBXFrameworksBuildPhase;
			buildActionMask = 2147483647;
			files = (
			);
			runOnlyForDeploymentPostprocessing = 0;
		};
/* End PBXFrameworksBuildPhase section */

/* Begin PBXGroup section */
		961C6E491AF639760071AC80 /* backgrounds */ = {
			isa = PBXGroup;
			children = (
				961C6E741AF643E20071AC80 /* AmIAManYet-Designs-6plus-02-08.png */,
				961C6E621AF63A630071AC80 /* background-01.png */,
				961C6E641AF63A6B0071AC80 /* speech-bubble.png */,
			);
			name = backgrounds;
			sourceTree = "<group>";
		};
		961C6E4A1AF639840071AC80 /* men */ = {
			isa = PBXGroup;
			children = (
				961C6E661AF63A7C0071AC80 /* man-01.png */,
				961C6E671AF63A7C0071AC80 /* man-02.png */,
				F5D772FC1B8F63B90001E314 /* man-03.png */,
				961C6E681AF63A7C0071AC80 /* man-04.png */,
				961C6E691AF63A7C0071AC80 /* man-05.png */,
				961C6E6A1AF63A7C0071AC80 /* man-06.png */,
			);
			name = men;
			sourceTree = "<group>";
		};
		961C6E4B1AF6398D0071AC80 /* buttons */ = {
			isa = PBXGroup;
			children = (
				96BF3CBA1B08F6B200909C3B /* button-big.png */,
				96BF3CB41B08E5E000909C3B /* button-next.png */,
				968CB0421AFFCE8D009C34F0 /* button-down.png */,
				961C6E701AF63A940071AC80 /* button-tick.png */,
				961C6E601AF63A540071AC80 /* button-cross.png */,
			);
			name = buttons;
			sourceTree = "<group>";
		};
		9633DBD61B07956F00E40247 /* Elements */ = {
			isa = PBXGroup;
			children = (
				9633DBD71B07959600E40247 /* UISpeechBubble.xib */,
				9633DBD91B07983200E40247 /* UISpeechBubble.swift */,
			);
			name = Elements;
			sourceTree = "<group>";
		};
		964290601A824034006011C9 = {
			isa = PBXGroup;
			children = (
				9642906B1A824034006011C9 /* Are you man enough */,
				964290811A824034006011C9 /* Are you man enoughTests */,
				9642906A1A824034006011C9 /* Products */,
			);
			sourceTree = "<group>";
		};
		9642906A1A824034006011C9 /* Products */ = {
			isa = PBXGroup;
			children = (
				964290691A824034006011C9 /* Are you man enough.app */,
				9642907E1A824034006011C9 /* Are you man enoughTests.xctest */,
			);
			name = Products;
			sourceTree = "<group>";
		};
		9642906B1A824034006011C9 /* Are you man enough */ = {
			isa = PBXGroup;
			children = (
				9633DBD61B07956F00E40247 /* Elements */,
				964290961A825FE4006011C9 /* Controllers */,
				964290911A824CE8006011C9 /* Model */,
				9642908E1A824692006011C9 /* Images */,
				9642906E1A824034006011C9 /* AppDelegate.swift */,
				964290721A824034006011C9 /* Main.storyboard */,
				F557C0A91BB2CCC300E1F634 /* Media2.xcassets */,
				964290771A824034006011C9 /* LaunchScreen.xib */,
				9642906C1A824034006011C9 /* Supporting Files */,
			);
			path = "Are you man enough";
			sourceTree = "<group>";
		};
		9642906C1A824034006011C9 /* Supporting Files */ = {
			isa = PBXGroup;
			children = (
				9642906D1A824034006011C9 /* Info.plist */,
			);
			name = "Supporting Files";
			sourceTree = "<group>";
		};
		964290811A824034006011C9 /* Are you man enoughTests */ = {
			isa = PBXGroup;
			children = (
				964290821A824034006011C9 /* Supporting Files */,
				96C157571A8E483A00303746 /* quizTests.swift */,
			);
			path = "Are you man enoughTests";
			sourceTree = "<group>";
		};
		964290821A824034006011C9 /* Supporting Files */ = {
			isa = PBXGroup;
			children = (
				964290831A824034006011C9 /* Info.plist */,
			);
			name = "Supporting Files";
			sourceTree = "<group>";
		};
		9642908E1A824692006011C9 /* Images */ = {
			isa = PBXGroup;
			children = (
				96BF3CB81B08E8AA00909C3B /* line.png */,
				961C6E4B1AF6398D0071AC80 /* buttons */,
				961C6E4A1AF639840071AC80 /* men */,
				961C6E491AF639760071AC80 /* backgrounds */,
				9642908F1A8246BD006011C9 /* man1.png */,
			);
			name = Images;
			sourceTree = "<group>";
		};
		964290911A824CE8006011C9 /* Model */ = {
			isa = PBXGroup;
			children = (
				96A3F6D31A87C41900F1C50F /* Quiz.swift */,
				964290921A824D10006011C9 /* Questions.plist */,
				965882471A8D29CD0066CBBA /* Levels.plist */,
			);
			name = Model;
			sourceTree = "<group>";
		};
		964290961A825FE4006011C9 /* Controllers */ = {
			isa = PBXGroup;
			children = (
				964290941A8252C7006011C9 /* HomeViewController.swift */,
				96F7EF151A8D28C0006B40A6 /* ResultViewController.swift */,
				969DFFDF1AF649A4004A3866 /* QuestionViewController.swift */,
				96BF3CB21B08D7F400909C3B /* FinishViewController.swift */,
				9600187D1B0BA72C00482A27 /* RankingsViewController.swift */,
			);
			name = Controllers;
			sourceTree = "<group>";
		};
/* End PBXGroup section */

/* Begin PBXNativeTarget section */
		964290681A824034006011C9 /* Are you man enough */ = {
			isa = PBXNativeTarget;
			buildConfigurationList = 964290881A824034006011C9 /* Build configuration list for PBXNativeTarget "Are you man enough" */;
			buildPhases = (
				964290651A824034006011C9 /* Sources */,
				964290661A824034006011C9 /* Frameworks */,
				964290671A824034006011C9 /* Resources */,
			);
			buildRules = (
			);
			dependencies = (
			);
			name = "Are you man enough";
			productName = "Are you man enough";
			productReference = 964290691A824034006011C9 /* Are you man enough.app */;
			productType = "com.apple.product-type.application";
		};
		9642907D1A824034006011C9 /* Are you man enoughTests */ = {
			isa = PBXNativeTarget;
			buildConfigurationList = 9642908B1A824034006011C9 /* Build configuration list for PBXNativeTarget "Are you man enoughTests" */;
			buildPhases = (
				9642907A1A824034006011C9 /* Sources */,
				9642907B1A824034006011C9 /* Frameworks */,
				9642907C1A824034006011C9 /* Resources */,
			);
			buildRules = (
			);
			dependencies = (
				964290801A824034006011C9 /* PBXTargetDependency */,
			);
			name = "Are you man enoughTests";
			productName = "Are you man enoughTests";
			productReference = 9642907E1A824034006011C9 /* Are you man enoughTests.xctest */;
			productType = "com.apple.product-type.bundle.unit-test";
		};
/* End PBXNativeTarget section */

/* Begin PBXProject section */
		964290611A824034006011C9 /* Project object */ = {
			isa = PBXProject;
			attributes = {
				LastUpgradeCheck = 0610;
				ORGANIZATIONNAME = Hatch;
				TargetAttributes = {
					964290681A824034006011C9 = {
						CreatedOnToolsVersion = 6.1.1;
						DevelopmentTeam = GUYSEY2XMT;
					};
					9642907D1A824034006011C9 = {
						CreatedOnToolsVersion = 6.1.1;
						TestTargetID = 964290681A824034006011C9;
					};
				};
			};
			buildConfigurationList = 964290641A824034006011C9 /* Build configuration list for PBXProject "Are you man enough" */;
			compatibilityVersion = "Xcode 3.2";
			developmentRegion = English;
			hasScannedForEncodings = 0;
			knownRegions = (
				en,
				Base,
			);
			mainGroup = 964290601A824034006011C9;
			productRefGroup = 9642906A1A824034006011C9 /* Products */;
			projectDirPath = "";
			projectRoot = "";
			targets = (
				964290681A824034006011C9 /* Are you man enough */,
				9642907D1A824034006011C9 /* Are you man enoughTests */,
			);
		};
/* End PBXProject section */

/* Begin PBXResourcesBuildPhase section */
		964290671A824034006011C9 /* Resources */ = {
			isa = PBXResourcesBuildPhase;
			buildActionMask = 2147483647;
			files = (
				961C6E751AF643E20071AC80 /* AmIAManYet-Designs-6plus-02-08.png in Resources */,
				964290901A8246BD006011C9 /* man1.png in Resources */,
				F5D772FD1B8F63B90001E314 /* man-03.png in Resources */,
				961C6E711AF63A940071AC80 /* button-tick.png in Resources */,
				968CB0431AFFCE8D009C34F0 /* button-down.png in Resources */,
				961C6E6B1AF63A7C0071AC80 /* man-01.png in Resources */,
				9633DBD81B07959600E40247 /* UISpeechBubble.xib in Resources */,
				961C6E6D1AF63A7C0071AC80 /* man-04.png in Resources */,
				964290741A824034006011C9 /* Main.storyboard in Resources */,
				961C6E631AF63A630071AC80 /* background-01.png in Resources */,
				964290791A824034006011C9 /* LaunchScreen.xib in Resources */,
				964290931A824D10006011C9 /* Questions.plist in Resources */,
				96BF3CB91B08E8AA00909C3B /* line.png in Resources */,
				961C6E6E1AF63A7C0071AC80 /* man-05.png in Resources */,
				96BF3CBB1B08F6B200909C3B /* button-big.png in Resources */,
				961C6E651AF63A6B0071AC80 /* speech-bubble.png in Resources */,
				961C6E6F1AF63A7C0071AC80 /* man-06.png in Resources */,
				965882481A8D29CD0066CBBA /* Levels.plist in Resources */,
				F557C0AA1BB2CCC300E1F634 /* Media2.xcassets in Resources */,
				96BF3CB51B08E5E000909C3B /* button-next.png in Resources */,
				961C6E6C1AF63A7C0071AC80 /* man-02.png in Resources */,
				961C6E611AF63A540071AC80 /* button-cross.png in Resources */,
			);
			runOnlyForDeploymentPostprocessing = 0;
		};
		9642907C1A824034006011C9 /* Resources */ = {
			isa = PBXResourcesBuildPhase;
			buildActionMask = 2147483647;
			files = (
				96C157551A8E2BDC00303746 /* Questions.plist in Resources */,
				96C157561A8E2BDF00303746 /* Levels.plist in Resources */,
			);
			runOnlyForDeploymentPostprocessing = 0;
		};
/* End PBXResourcesBuildPhase section */

/* Begin PBXSourcesBuildPhase section */
		964290651A824034006011C9 /* Sources */ = {
			isa = PBXSourcesBuildPhase;
			buildActionMask = 2147483647;
			files = (
				9633DBDA1B07983200E40247 /* UISpeechBubble.swift in Sources */,
				96BF3CB31B08D7F400909C3B /* FinishViewController.swift in Sources */,
				96A3F6D41A87C41900F1C50F /* Quiz.swift in Sources */,
				9600187E1B0BA72C00482A27 /* RankingsViewController.swift in Sources */,
				969DFFE01AF649A4004A3866 /* QuestionViewController.swift in Sources */,
				9642906F1A824034006011C9 /* AppDelegate.swift in Sources */,
				964290951A8252C7006011C9 /* HomeViewController.swift in Sources */,
				96F7EF161A8D28C0006B40A6 /* ResultViewController.swift in Sources */,
			);
			runOnlyForDeploymentPostprocessing = 0;
		};
		9642907A1A824034006011C9 /* Sources */ = {
			isa = PBXSourcesBuildPhase;
			buildActionMask = 2147483647;
			files = (
				96C157581A8E483A00303746 /* quizTests.swift in Sources */,
				96C157541A8E2BD600303746 /* Quiz.swift in Sources */,
			);
			runOnlyForDeploymentPostprocessing = 0;
		};
/* End PBXSourcesBuildPhase section */

/* Begin PBXTargetDependency section */
		964290801A824034006011C9 /* PBXTargetDependency */ = {
			isa = PBXTargetDependency;
			target = 964290681A824034006011C9 /* Are you man enough */;
			targetProxy = 9642907F1A824034006011C9 /* PBXContainerItemProxy */;
		};
/* End PBXTargetDependency section */

/* Begin PBXVariantGroup section */
		964290721A824034006011C9 /* Main.storyboard */ = {
			isa = PBXVariantGroup;
			children = (
				964290731A824034006011C9 /* Base */,
			);
			name = Main.storyboard;
			sourceTree = "<group>";
		};
		964290771A824034006011C9 /* LaunchScreen.xib */ = {
			isa = PBXVariantGroup;
			children = (
				964290781A824034006011C9 /* Base */,
			);
			name = LaunchScreen.xib;
			sourceTree = "<group>";
		};
/* End PBXVariantGroup section */

/* Begin XCBuildConfiguration section */
		964290861A824034006011C9 /* Debug */ = {
			isa = XCBuildConfiguration;
			buildSettings = {
				ALWAYS_SEARCH_USER_PATHS = NO;
				CLANG_CXX_LANGUAGE_STANDARD = "gnu++0x";
				CLANG_CXX_LIBRARY = "libc++";
				CLANG_ENABLE_MODULES = YES;
				CLANG_ENABLE_OBJC_ARC = YES;
				CLANG_WARN_BOOL_CONVERSION = YES;
				CLANG_WARN_CONSTANT_CONVERSION = YES;
				CLANG_WARN_DIRECT_OBJC_ISA_USAGE = YES_ERROR;
				CLANG_WARN_EMPTY_BODY = YES;
				CLANG_WARN_ENUM_CONVERSION = YES;
				CLANG_WARN_INT_CONVERSION = YES;
				CLANG_WARN_OBJC_ROOT_CLASS = YES_ERROR;
				CLANG_WARN_UNREACHABLE_CODE = YES;
				CLANG_WARN__DUPLICATE_METHOD_MATCH = YES;
				"CODE_SIGN_IDENTITY[sdk=iphoneos*]" = "iPhone Developer";
				COPY_PHASE_STRIP = NO;
				ENABLE_STRICT_OBJC_MSGSEND = YES;
				GCC_C_LANGUAGE_STANDARD = gnu99;
				GCC_DYNAMIC_NO_PIC = NO;
				GCC_OPTIMIZATION_LEVEL = 0;
				GCC_PREPROCESSOR_DEFINITIONS = (
					"DEBUG=1",
					"$(inherited)",
				);
				GCC_SYMBOLS_PRIVATE_EXTERN = NO;
				GCC_WARN_64_TO_32_BIT_CONVERSION = YES;
				GCC_WARN_ABOUT_RETURN_TYPE = YES_ERROR;
				GCC_WARN_UNDECLARED_SELECTOR = YES;
				GCC_WARN_UNINITIALIZED_AUTOS = YES_AGGRESSIVE;
				GCC_WARN_UNUSED_FUNCTION = YES;
				GCC_WARN_UNUSED_VARIABLE = YES;
				IPHONEOS_DEPLOYMENT_TARGET = 8.1;
				MTL_ENABLE_DEBUG_INFO = YES;
				ONLY_ACTIVE_ARCH = YES;
				SDKROOT = iphoneos;
				SWIFT_OPTIMIZATION_LEVEL = "-Onone";
			};
			name = Debug;
		};
		964290871A824034006011C9 /* Release */ = {
			isa = XCBuildConfiguration;
			buildSettings = {
				ALWAYS_SEARCH_USER_PATHS = NO;
				CLANG_CXX_LANGUAGE_STANDARD = "gnu++0x";
				CLANG_CXX_LIBRARY = "libc++";
				CLANG_ENABLE_MODULES = YES;
				CLANG_ENABLE_OBJC_ARC = YES;
				CLANG_WARN_BOOL_CONVERSION = YES;
				CLANG_WARN_CONSTANT_CONVERSION = YES;
				CLANG_WARN_DIRECT_OBJC_ISA_USAGE = YES_ERROR;
				CLANG_WARN_EMPTY_BODY = YES;
				CLANG_WARN_ENUM_CONVERSION = YES;
				CLANG_WARN_INT_CONVERSION = YES;
				CLANG_WARN_OBJC_ROOT_CLASS = YES_ERROR;
				CLANG_WARN_UNREACHABLE_CODE = YES;
				CLANG_WARN__DUPLICATE_METHOD_MATCH = YES;
				"CODE_SIGN_IDENTITY[sdk=iphoneos*]" = "iPhone Developer";
				COPY_PHASE_STRIP = YES;
				ENABLE_NS_ASSERTIONS = NO;
				ENABLE_STRICT_OBJC_MSGSEND = YES;
				GCC_C_LANGUAGE_STANDARD = gnu99;
				GCC_WARN_64_TO_32_BIT_CONVERSION = YES;
				GCC_WARN_ABOUT_RETURN_TYPE = YES_ERROR;
				GCC_WARN_UNDECLARED_SELECTOR = YES;
				GCC_WARN_UNINITIALIZED_AUTOS = YES_AGGRESSIVE;
				GCC_WARN_UNUSED_FUNCTION = YES;
				GCC_WARN_UNUSED_VARIABLE = YES;
				IPHONEOS_DEPLOYMENT_TARGET = 8.1;
				MTL_ENABLE_DEBUG_INFO = NO;
				SDKROOT = iphoneos;
				VALIDATE_PRODUCT = YES;
			};
			name = Release;
		};
		964290891A824034006011C9 /* Debug */ = {
			isa = XCBuildConfiguration;
			buildSettings = {
				ASSETCATALOG_COMPILER_APPICON_NAME = AppIcon;
				CODE_SIGN_IDENTITY = "iPhone Developer";
				INFOPLIST_FILE = "Are you man enough/Info.plist";
				LD_RUNPATH_SEARCH_PATHS = "$(inherited) @executable_path/Frameworks";
				PRODUCT_NAME = "$(TARGET_NAME)";
			};
			name = Debug;
		};
		9642908A1A824034006011C9 /* Release */ = {
			isa = XCBuildConfiguration;
			buildSettings = {
				ASSETCATALOG_COMPILER_APPICON_NAME = AppIcon;
				CODE_SIGN_IDENTITY = "iPhone Developer";
				INFOPLIST_FILE = "Are you man enough/Info.plist";
				LD_RUNPATH_SEARCH_PATHS = "$(inherited) @executable_path/Frameworks";
				PRODUCT_NAME = "$(TARGET_NAME)";
			};
			name = Release;
		};
		9642908C1A824034006011C9 /* Debug */ = {
			isa = XCBuildConfiguration;
			buildSettings = {
				BUNDLE_LOADER = "$(TEST_HOST)";
				FRAMEWORK_SEARCH_PATHS = (
					"$(SDKROOT)/Developer/Library/Frameworks",
					"$(inherited)",
				);
				GCC_PREPROCESSOR_DEFINITIONS = (
					"DEBUG=1",
					"$(inherited)",
				);
				INFOPLIST_FILE = "Are you man enoughTests/Info.plist";
				LD_RUNPATH_SEARCH_PATHS = "$(inherited) @executable_path/Frameworks @loader_path/Frameworks";
				PRODUCT_NAME = "$(TARGET_NAME)";
				TEST_HOST = "$(BUILT_PRODUCTS_DIR)/Are you man enough.app/Are you man enough";
			};
			name = Debug;
		};
		9642908D1A824034006011C9 /* Release */ = {
			isa = XCBuildConfiguration;
			buildSettings = {
				BUNDLE_LOADER = "$(TEST_HOST)";
				FRAMEWORK_SEARCH_PATHS = (
					"$(SDKROOT)/Developer/Library/Frameworks",
					"$(inherited)",
				);
				INFOPLIST_FILE = "Are you man enoughTests/Info.plist";
				LD_RUNPATH_SEARCH_PATHS = "$(inherited) @executable_path/Frameworks @loader_path/Frameworks";
				PRODUCT_NAME = "$(TARGET_NAME)";
				TEST_HOST = "$(BUILT_PRODUCTS_DIR)/Are you man enough.app/Are you man enough";
			};
			name = Release;
		};
/* End XCBuildConfiguration section */

/* Begin XCConfigurationList section */
		964290641A824034006011C9 /* Build configuration list for PBXProject "Are you man enough" */ = {
			isa = XCConfigurationList;
			buildConfigurations = (
				964290861A824034006011C9 /* Debug */,
				964290871A824034006011C9 /* Release */,
			);
			defaultConfigurationIsVisible = 0;
			defaultConfigurationName = Release;
		};
		964290881A824034006011C9 /* Build configuration list for PBXNativeTarget "Are you man enough" */ = {
			isa = XCConfigurationList;
			buildConfigurations = (
				964290891A824034006011C9 /* Debug */,
				9642908A1A824034006011C9 /* Release */,
			);
			defaultConfigurationIsVisible = 0;
			defaultConfigurationName = Release;
		};
		9642908B1A824034006011C9 /* Build configuration list for PBXNativeTarget "Are you man enoughTests" */ = {
			isa = XCConfigurationList;
			buildConfigurations = (
				9642908C1A824034006011C9 /* Debug */,
				9642908D1A824034006011C9 /* Release */,
			);
			defaultConfigurationIsVisible = 0;
			defaultConfigurationName = Release;
		};
/* End XCConfigurationList section */
	};
	rootObject = 964290611A824034006011C9 /* Project object */;
}
